
Microsoft Visual Studio Solution File, Format Version 12.00
# Visual Studio Version 16
VisualStudioVersion = 16.0.30309.148
MinimumVisualStudioVersion = 10.0.40219.1
Project("{9A19103F-16F7-4668-BE54-9A1E7A4F7556}") = "mktool", "mktool.csproj", "{A0BD06AB-0619-4FC6-9085-89F55E63DFB4}"
EndProject
Global
	GlobalSection(SolutionConfigurationPlatforms) = preSolution
		Debug|Any CPU = Debug|Any CPU
		Release|Any CPU = Release|Any CPU
	EndGlobalSection
	GlobalSection(ProjectConfigurationPlatforms) = postSolution
		{A0BD06AB-0619-4FC6-9085-89F55E63DFB4}.Debug|Any CPU.ActiveCfg = Debug|Any CPU
		{A0BD06AB-0619-4FC6-9085-89F55E63DFB4}.Debug|Any CPU.Build.0 = Debug|Any CPU
		{A0BD06AB-0619-4FC6-9085-89F55E63DFB4}.Release|Any CPU.ActiveCfg = Release|Any CPU
		{A0BD06AB-0619-4FC6-9085-89F55E63DFB4}.Release|Any CPU.Build.0 = Release|Any CPU
	EndGlobalSection
	GlobalSection(SolutionProperties) = preSolution
		HideSolutionNode = FALSE
	EndGlobalSection
	GlobalSection(ExtensibilityGlobals) = postSolution
		SolutionGuid = {42E9702C-8123-4670-9A63-411E4B6ECF90}
	EndGlobalSection
EndGlobal
